
Microsoft Visual Studio Solution File, Format Version 12.00
# Visual Studio Version 17
VisualStudioVersion = 17.9.34407.89
MinimumVisualStudioVersion = 10.0.40219.1
Project("{9A19103F-16F7-4668-BE54-9A1E7A4F7556}") = "BookStoreWeb", "BookStore\BookStoreWeb.csproj", "{17DFDA49-1A04-4C52-B1AA-EF39EB73F42E}"
EndProject
Project("{9A19103F-16F7-4668-BE54-9A1E7A4F7556}") = "BookStore.Models", "BookStore.Models\BookStore.Models.csproj", "{916F6D31-CCF7-479E-BD23-866C04DB1D25}"
EndProject
Project("{9A19103F-16F7-4668-BE54-9A1E7A4F7556}") = "BookStore.Utility", "BookStore.Utility\BookStore.Utility.csproj", "{39C520C6-99B2-46E9-AE6A-758082ED6DDF}"
EndProject
Project("{9A19103F-16F7-4668-BE54-9A1E7A4F7556}") = "BookStore.DataAccess", "BookStore.DataAccess\BookStore.DataAccess.csproj", "{6369057B-0C87-4FB8-AE63-6ED3AB51BC35}"
EndProject
Global
	GlobalSection(SolutionConfigurationPlatforms) = preSolution
		Debug|Any CPU = Debug|Any CPU
		Release|Any CPU = Release|Any CPU
	EndGlobalSection
	GlobalSection(ProjectConfigurationPlatforms) = postSolution
		{17DFDA49-1A04-4C52-B1AA-EF39EB73F42E}.Debug|Any CPU.ActiveCfg = Debug|Any CPU
		{17DFDA49-1A04-4C52-B1AA-EF39EB73F42E}.Debug|Any CPU.Build.0 = Debug|Any CPU
		{17DFDA49-1A04-4C52-B1AA-EF39EB73F42E}.Release|Any CPU.ActiveCfg = Release|Any CPU
		{17DFDA49-1A04-4C52-B1AA-EF39EB73F42E}.Release|Any CPU.Build.0 = Release|Any CPU
		{916F6D31-CCF7-479E-BD23-866C04DB1D25}.Debug|Any CPU.ActiveCfg = Debug|Any CPU
		{916F6D31-CCF7-479E-BD23-866C04DB1D25}.Debug|Any CPU.Build.0 = Debug|Any CPU
		{916F6D31-CCF7-479E-BD23-866C04DB1D25}.Release|Any CPU.ActiveCfg = Release|Any CPU
		{916F6D31-CCF7-479E-BD23-866C04DB1D25}.Release|Any CPU.Build.0 = Release|Any CPU
		{39C520C6-99B2-46E9-AE6A-758082ED6DDF}.Debug|Any CPU.ActiveCfg = Debug|Any CPU
		{39C520C6-99B2-46E9-AE6A-758082ED6DDF}.Debug|Any CPU.Build.0 = Debug|Any CPU
		{39C520C6-99B2-46E9-AE6A-758082ED6DDF}.Release|Any CPU.ActiveCfg = Release|Any CPU
		{39C520C6-99B2-46E9-AE6A-758082ED6DDF}.Release|Any CPU.Build.0 = Release|Any CPU
		{6369057B-0C87-4FB8-AE63-6ED3AB51BC35}.Debug|Any CPU.ActiveCfg = Debug|Any CPU
		{6369057B-0C87-4FB8-AE63-6ED3AB51BC35}.Debug|Any CPU.Build.0 = Debug|Any CPU
		{6369057B-0C87-4FB8-AE63-6ED3AB51BC35}.Release|Any CPU.ActiveCfg = Release|Any CPU
		{6369057B-0C87-4FB8-AE63-6ED3AB51BC35}.Release|Any CPU.Build.0 = Release|Any CPU
	EndGlobalSection
	GlobalSection(SolutionProperties) = preSolution
		HideSolutionNode = FALSE
	EndGlobalSection
	GlobalSection(ExtensibilityGlobals) = postSolution
		SolutionGuid = {30650C59-7F99-4C0A-95B6-1B304B442C58}
	EndGlobalSection
EndGlobal
